
Microsoft Visual Studio Solution File, Format Version 12.00
# Visual Studio 15
VisualStudioVersion = 15.0.28307.1705
MinimumVisualStudioVersion = 10.0.40219.1
Project("{FAE04EC0-301F-11D3-BF4B-00C04F79EFBC}") = "WindowsFormsApp35", "WindowsFormsApp35\WindowsFormsApp35.csproj", "{794A048B-5E4D-40DF-907B-AC827EF19B30}"
EndProject
Project("{FAE04EC0-301F-11D3-BF4B-00C04F79EFBC}") = "TestService", "TestService\TestService.csproj", "{A2BB982B-58ED-48BA-8F0E-F583380697EF}"
EndProject
Global
	GlobalSection(SolutionConfigurationPlatforms) = preSolution
		Debug|Any CPU = Debug|Any CPU
		Release|Any CPU = Release|Any CPU
	EndGlobalSection
	GlobalSection(ProjectConfigurationPlatforms) = postSolution
		{794A048B-5E4D-40DF-907B-AC827EF19B30}.Debug|Any CPU.ActiveCfg = Debug|Any CPU
		{794A048B-5E4D-40DF-907B-AC827EF19B30}.Debug|Any CPU.Build.0 = Debug|Any CPU
		{794A048B-5E4D-40DF-907B-AC827EF19B30}.Release|Any CPU.ActiveCfg = Release|Any CPU
		{794A048B-5E4D-40DF-907B-AC827EF19B30}.Release|Any CPU.Build.0 = Release|Any CPU
		{A2BB982B-58ED-48BA-8F0E-F583380697EF}.Debug|Any CPU.ActiveCfg = Debug|Any CPU
		{A2BB982B-58ED-48BA-8F0E-F583380697EF}.Debug|Any CPU.Build.0 = Debug|Any CPU
		{A2BB982B-58ED-48BA-8F0E-F583380697EF}.Release|Any CPU.ActiveCfg = Release|Any CPU
		{A2BB982B-58ED-48BA-8F0E-F583380697EF}.Release|Any CPU.Build.0 = Release|Any CPU
	EndGlobalSection
	GlobalSection(SolutionProperties) = preSolution
		HideSolutionNode = FALSE
	EndGlobalSection
	GlobalSection(ExtensibilityGlobals) = postSolution
		SolutionGuid = {C73830D5-34F3-4D74-95E4-0971474B05E1}
	EndGlobalSection
EndGlobal
